Microsoft Visual Studio Solution File, Format Version 12.00
# Visual Studio Version 17
VisualStudioVersion = 17.5.2.0
MinimumVisualStudioVersion = 10.0.40219.1
Project("{FAE04EC0-301F-11D3-BF4B-00C04F79EFBC}") = "Practica_Semestre", "Practica_Semestre.csproj", "{971BCCA6-0325-3FA4-83D8-7709BD4AF3CA}"
EndProject
Global
	GlobalSection(SolutionConfigurationPlatforms) = preSolution
		Debug|Any CPU = Debug|Any CPU
		Release|Any CPU = Release|Any CPU
	EndGlobalSection
	GlobalSection(ProjectConfigurationPlatforms) = postSolution
		{971BCCA6-0325-3FA4-83D8-7709BD4AF3CA}.Debug|Any CPU.ActiveCfg = Debug|Any CPU
		{971BCCA6-0325-3FA4-83D8-7709BD4AF3CA}.Debug|Any CPU.Build.0 = Debug|Any CPU
		{971BCCA6-0325-3FA4-83D8-7709BD4AF3CA}.Release|Any CPU.ActiveCfg = Release|Any CPU
		{971BCCA6-0325-3FA4-83D8-7709BD4AF3CA}.Release|Any CPU.Build.0 = Release|Any CPU
	EndGlobalSection
	GlobalSection(SolutionProperties) = preSolution
		HideSolutionNode = FALSE
	EndGlobalSection
	GlobalSection(ExtensibilityGlobals) = postSolution
		SolutionGuid = {C6D21798-A403-4CE3-8E3E-600D5B88AE77}
	EndGlobalSection
EndGlobal
